<?xml version="1.0" encoding="utf-8"?>
<Project ToolsVersion="4.0" xmlns="http://schemas.microsoft.com/developer/msbuild/2003">
  <ItemGroup>
    <Filter Include="Source Files">
      <UniqueIdentifier>{4FC737F1-C7A5-4376-A066-2A32D752A2FF}</UniqueIdentifier>
      <Extensions>cpp;c;cc;cxx;def;odl;idl;hpj;bat;asm;asmx</Extensions>
    </Filter>
    <Filter Include="Header Files">
      <UniqueIdentifier>{93995380-89BD-4b04-88EB-625FBE52EBFB}</UniqueIdentifier>
      <Extensions>h;hh;hpp;hxx;hm;inl;inc;xsd</Extensions>
    </Filter>
    <Filter Include="Resource Files">
      <UniqueIdentifier>{D9D6E242-F8AF-46E4-B9FD-80ECBC20BA3E}</UniqueIdentifier>
      <Extensions>qrc;*</Extensions>
      <ParseFiles>false</ParseFiles>
    </Filter>
    <Filter Include="Form Files">
      <UniqueIdentifier>{99349809-55BA-4b9d-BF79-8FDBB0286EB3}</UniqueIdentifier>
      <Extensions>ui</Extensions>
    </Filter>
    <Filter Include="Resource Files">
      <UniqueIdentifier>{D9D6E242-F8AF-46E4-B9FD-80ECBC20BA3E}</UniqueIdentifier>
      <Extensions>qrc;*</Extensions>
      <ParseFiles>false</ParseFiles>
    </Filter>
    <Filter Include="Generated Files">
      <UniqueIdentifier>{71ED8ED8-ACB9-4CE9-BBE1-E00B30144E11}</UniqueIdentifier>
      <Extensions>moc;h;cpp</Extensions>
      <SourceControlFiles>False</SourceControlFiles>
    </Filter>
    <Filter Include="QHotkey">
      <UniqueIdentifier>{c56751bf-54ce-4dc6-880a-59a77d7e38d8}</UniqueIdentifier>
    </Filter>
    <Filter Include="QHotkey\Source Files">
      <UniqueIdentifier>{c27085cc-b3ad-46a9-beca-81e53809084d}</UniqueIdentifier>
    </Filter>
    <Filter Include="QHotkey\Header Files">
      <UniqueIdentifier>{b5d29a22-b6b6-4770-af3c-c5d3f4323036}</UniqueIdentifier>
    </Filter>
  </ItemGroup>
  <ItemGroup>
    <ClCompile Include="main.cpp">
      <Filter>Source Files</Filter>
    </ClCompile>
    <ClCompile Include="stdafx.cpp">
      <Filter>Source Files</Filter>
    </ClCompile>
    <ClCompile Include="GeneratedFiles\qrc_MouseKeyboardRecorder.cpp">
      <Filter>Generated Files</Filter>
    </ClCompile>
    <ClCompile Include="GeneratedFiles\Debug\moc_TransformationDialog.cpp">
      <Filter>Generated Files</Filter>
    </ClCompile>
    <ClCompile Include="GeneratedFiles\Release\moc_TransformationDialog.cpp">
      <Filter>Generated Files</Filter>
    </ClCompile>
    <ClCompile Include="TransformationDialog.cpp">
      <Filter>Source Files</Filter>
    </ClCompile>
    <ClCompile Include="GeneratedFiles\Debug\moc_OptionsDialog.cpp">
      <Filter>Generated Files</Filter>
    </ClCompile>
    <ClCompile Include="GeneratedFiles\Release\moc_OptionsDialog.cpp">
      <Filter>Generated Files</Filter>
    </ClCompile>
    <ClCompile Include="OptionsDialog.cpp">
      <Filter>Source Files</Filter>
    </ClCompile>
    <ClCompile Include="record_serialization.cpp">
      <Filter>Source Files</Filter>
    </ClCompile>
    <ClCompile Include="RecordManager.cpp">
      <Filter>Source Files</Filter>
    </ClCompile>
    <ClCompile Include="GeneratedFiles\Debug\moc_RecordTabWidget.cpp">
      <Filter>Generated Files</Filter>
    </ClCompile>
    <ClCompile Include="GeneratedFiles\Release\moc_RecordTabWidget.cpp">
      <Filter>Generated Files</Filter>
    </ClCompile>
    <ClCompile Include="GeneratedFiles\Debug\moc_InputRepeaterStatusBar.cpp">
      <Filter>Generated Files</Filter>
    </ClCompile>
    <ClCompile Include="GeneratedFiles\Release\moc_InputRepeaterStatusBar.cpp">
      <Filter>Generated Files</Filter>
    </ClCompile>
    <ClCompile Include="InputRepeaterStatusBar.cpp">
      <Filter>Source Files</Filter>
    </ClCompile>
    <ClCompile Include="RecordTabWidget.cpp">
      <Filter>Source Files</Filter>
    </ClCompile>
    <ClCompile Include="ReplayTabWidget.cpp">
      <Filter>Source Files</Filter>
    </ClCompile>
    <ClCompile Include="GeneratedFiles\Debug\moc_ReplayTabWidget.cpp">
      <Filter>Generated Files</Filter>
    </ClCompile>
    <ClCompile Include="GeneratedFiles\Release\moc_ReplayTabWidget.cpp">
      <Filter>Generated Files</Filter>
    </ClCompile>
    <ClCompile Include="InputRepeater.cpp">
      <Filter>Source Files</Filter>
    </ClCompile>
    <ClCompile Include="GeneratedFiles\Debug\moc_InputRepeater.cpp">
      <Filter>Generated Files</Filter>
    </ClCompile>
    <ClCompile Include="GeneratedFiles\Debug\moc_qhotkey.cpp">
      <Filter>Generated Files</Filter>
    </ClCompile>
    <ClCompile Include="GeneratedFiles\Release\moc_qhotkey.cpp">
      <Filter>Generated Files</Filter>
    </ClCompile>
    <ClCompile Include="GeneratedFiles\Debug\moc_qhotkey_p.cpp">
      <Filter>Generated Files</Filter>
    </ClCompile>
    <ClCompile Include="GeneratedFiles\Release\moc_qhotkey_p.cpp">
      <Filter>Generated Files</Filter>
    </ClCompile>
    <ClCompile Include="QHotkey\qhotkey_win.cpp">
      <Filter>QHotkey\Source Files</Filter>
    </ClCompile>
    <ClCompile Include="QHotkey\qhotkey.cpp">
      <Filter>QHotkey\Source Files</Filter>
    </ClCompile>
    <ClCompile Include="time_util.cpp">
      <Filter>Source Files</Filter>
    </ClCompile>
    <ClCompile Include="Options.cpp">
      <Filter>Source Files</Filter>
    </ClCompile>
  </ItemGroup>
  <ItemGroup>
    <ClInclude Include="stdafx.h">
      <Filter>Header Files</Filter>
    </ClInclude>
    <ClInclude Include="GeneratedFiles\ui_TransformationDialog.h">
      <Filter>Generated Files</Filter>
    </ClInclude>
    <ClInclude Include="GeneratedFiles\ui_OptionsDialog.h">
      <Filter>Generated Files</Filter>
    </ClInclude>
    <ClInclude Include="record_serialization.hpp">
      <Filter>Header Files</Filter>
    </ClInclude>
    <ClInclude Include="RecordManager.hpp">
      <Filter>Header Files</Filter>
    </ClInclude>
    <ClInclude Include="GeneratedFiles\ui_RecordTabWidget.h">
      <Filter>Generated Files</Filter>
    </ClInclude>
    <ClInclude Include="GeneratedFiles\ui_ReplayTabWidget.h">
      <Filter>Generated Files</Filter>
    </ClInclude>
    <ClInclude Include="GeneratedFiles\ui_InputRepeater.h">
      <Filter>Generated Files</Filter>
    </ClInclude>
    <ClInclude Include="time_util.hpp">
      <Filter>Header Files</Filter>
    </ClInclude>
    <ClInclude Include="Options.hpp">
      <Filter>Header Files</Filter>
    </ClInclude>
  </ItemGroup>
  <ItemGroup>
    <CustomBuild Include="MouseKeyboardRecorder.qrc">
      <Filter>Resource Files</Filter>
    </CustomBuild>
    <CustomBuild Include="TransformationDialog.hpp">
      <Filter>Header Files</Filter>
    </CustomBuild>
    <CustomBuild Include="TransformationDialog.ui">
      <Filter>Form Files</Filter>
    </CustomBuild>
    <CustomBuild Include="OptionsDialog.hpp">
      <Filter>Header Files</Filter>
    </CustomBuild>
    <CustomBuild Include="OptionsDialog.ui">
      <Filter>Form Files</Filter>
    </CustomBuild>
    <CustomBuild Include="RecordTabWidget.hpp">
      <Filter>Header Files</Filter>
    </CustomBuild>
    <CustomBuild Include="InputRepeaterStatusBar.hpp">
      <Filter>Header Files</Filter>
    </CustomBuild>
    <CustomBuild Include="RecordTabWidget.ui">
      <Filter>Form Files</Filter>
    </CustomBuild>
    <CustomBuild Include="ReplayTabWidget.hpp">
      <Filter>Header Files</Filter>
    </CustomBuild>
    <CustomBuild Include="ReplayTabWidget.ui">
      <Filter>Form Files</Filter>
    </CustomBuild>
    <CustomBuild Include="InputRepeater.ui">
      <Filter>Form Files</Filter>
    </CustomBuild>
    <CustomBuild Include="InputRepeater.hpp">
      <Filter>Header Files</Filter>
    </CustomBuild>
    <CustomBuild Include="QHotkey\qhotkey.h">
      <Filter>QHotkey\Header Files</Filter>
    </CustomBuild>
    <CustomBuild Include="QHotkey\qhotkey_p.h">
      <Filter>QHotkey\Header Files</Filter>
    </CustomBuild>
  </ItemGroup>
</Project>