<?xml version="1.0" encoding="utf-8"?>
<Project ToolsVersion="4.0" xmlns="http://schemas.microsoft.com/developer/msbuild/2003">
  <ItemGroup>
    <ClCompile Include="QHotkey\qhotkey.cpp">
      <Filter>QHotkey\Source Files</Filter>
    </ClCompile>
    <ClCompile Include="QHotkey\qhotkey_win.cpp">
      <Filter>QHotkey\Source Files</Filter>
    </ClCompile>
    <ClCompile Include="InputRepeater.cpp">
      <Filter>Source FIles</Filter>
    </ClCompile>
    <ClCompile Include="InputRepeaterStatusBar.cpp">
      <Filter>Source FIles</Filter>
    </ClCompile>
    <ClCompile Include="main.cpp">
      <Filter>Source FIles</Filter>
    </ClCompile>
    <ClCompile Include="TransformationDialog.cpp">
      <Filter>Source FIles</Filter>
    </ClCompile>
    <ClCompile Include="time_util.cpp">
      <Filter>Source FIles</Filter>
    </ClCompile>
    <ClCompile Include="stdafx.cpp">
      <Filter>Source FIles</Filter>
    </ClCompile>
    <ClCompile Include="ReplayTabWidget.cpp">
      <Filter>Source FIles</Filter>
    </ClCompile>
    <ClCompile Include="RecordTabWidget.cpp">
      <Filter>Source FIles</Filter>
    </ClCompile>
    <ClCompile Include="RecordManager.cpp">
      <Filter>Source FIles</Filter>
    </ClCompile>
    <ClCompile Include="record_serialization.cpp">
      <Filter>Source FIles</Filter>
    </ClCompile>
    <ClCompile Include="Options.cpp">
      <Filter>Source FIles</Filter>
    </ClCompile>
    <ClCompile Include="OptionsDialog.cpp">
      <Filter>Source FIles</Filter>
    </ClCompile>
    <ClCompile Include="GeneratedFiles\qrc_InputRepeater.cpp">
      <Filter>Generated Files</Filter>
    </ClCompile>
    <ClCompile Include="GeneratedFiles\Debug\moc_InputRepeater.cpp">
      <Filter>Generated Files\Debug</Filter>
    </ClCompile>
    <ClCompile Include="GeneratedFiles\Debug\moc_InputRepeaterStatusBar.cpp">
      <Filter>Generated Files\Debug</Filter>
    </ClCompile>
    <ClCompile Include="GeneratedFiles\Debug\moc_OptionsDialog.cpp">
      <Filter>Generated Files\Debug</Filter>
    </ClCompile>
    <ClCompile Include="GeneratedFiles\Debug\moc_qhotkey.cpp">
      <Filter>Generated Files\Debug</Filter>
    </ClCompile>
    <ClCompile Include="GeneratedFiles\Debug\moc_qhotkey_p.cpp">
      <Filter>Generated Files\Debug</Filter>
    </ClCompile>
    <ClCompile Include="GeneratedFiles\Debug\moc_RecordTabWidget.cpp">
      <Filter>Generated Files\Debug</Filter>
    </ClCompile>
    <ClCompile Include="GeneratedFiles\Debug\moc_ReplayTabWidget.cpp">
      <Filter>Generated Files\Debug</Filter>
    </ClCompile>
    <ClCompile Include="GeneratedFiles\Debug\moc_TransformationDialog.cpp">
      <Filter>Generated Files\Debug</Filter>
    </ClCompile>
    <ClCompile Include="GeneratedFiles\Debug\moc_InputRepeaterApplication.cpp">
      <Filter>Generated Files\Debug</Filter>
    </ClCompile>
    <ClCompile Include="GeneratedFiles\Release\moc_InputRepeaterApplication.cpp">
      <Filter>Generated Files\Release</Filter>
    </ClCompile>
    <ClCompile Include="InputRepeaterApplication.cpp">
      <Filter>Source FIles</Filter>
    </ClCompile>
    <ClCompile Include="GeneratedFiles\Release\moc_InputRepeater.cpp">
      <Filter>Generated Files\Release</Filter>
    </ClCompile>
    <ClCompile Include="GeneratedFiles\Release\moc_InputRepeaterStatusBar.cpp">
      <Filter>Generated Files\Release</Filter>
    </ClCompile>
    <ClCompile Include="GeneratedFiles\Release\moc_OptionsDialog.cpp">
      <Filter>Generated Files\Release</Filter>
    </ClCompile>
    <ClCompile Include="GeneratedFiles\Release\moc_qhotkey.cpp">
      <Filter>Generated Files\Release</Filter>
    </ClCompile>
    <ClCompile Include="GeneratedFiles\Release\moc_qhotkey_p.cpp">
      <Filter>Generated Files\Release</Filter>
    </ClCompile>
    <ClCompile Include="GeneratedFiles\Release\moc_RecordTabWidget.cpp">
      <Filter>Generated Files\Release</Filter>
    </ClCompile>
    <ClCompile Include="GeneratedFiles\Release\moc_ReplayTabWidget.cpp">
      <Filter>Generated Files\Release</Filter>
    </ClCompile>
    <ClCompile Include="GeneratedFiles\Release\moc_TransformationDialog.cpp">
      <Filter>Generated Files\Release</Filter>
    </ClCompile>
  </ItemGroup>
  <ItemGroup>
    <ClInclude Include="RecordManager.hpp">
      <Filter>Header Files</Filter>
    </ClInclude>
    <ClInclude Include="Options.hpp">
      <Filter>Header Files</Filter>
    </ClInclude>
    <ClInclude Include="stdafx.h">
      <Filter>Header Files</Filter>
    </ClInclude>
    <ClInclude Include="GeneratedFiles\ui_TransformationDialog.h">
      <Filter>Generated Files</Filter>
    </ClInclude>
    <ClInclude Include="GeneratedFiles\ui_ReplayTabWidget.h">
      <Filter>Generated Files</Filter>
    </ClInclude>
    <ClInclude Include="GeneratedFiles\ui_RecordTabWidget.h">
      <Filter>Generated Files</Filter>
    </ClInclude>
    <ClInclude Include="GeneratedFiles\ui_OptionsDialog.h">
      <Filter>Generated Files</Filter>
    </ClInclude>
    <ClInclude Include="GeneratedFiles\ui_InputRepeater.h">
      <Filter>Generated Files</Filter>
    </ClInclude>
    <ClInclude Include="record_serialization.hpp">
      <Filter>Header Files</Filter>
    </ClInclude>
    <ClInclude Include="time_util.hpp">
      <Filter>Header Files</Filter>
    </ClInclude>
    <ClInclude Include="resource.h">
      <Filter>QHotkey\Header Files</Filter>
    </ClInclude>
  </ItemGroup>
  <ItemGroup>
    <CustomBuild Include="QHotkey\qhotkey.h">
      <Filter>QHotkey\Header Files</Filter>
    </CustomBuild>
    <CustomBuild Include="QHotkey\qhotkey_p.h">
      <Filter>QHotkey\Header Files</Filter>
    </CustomBuild>
    <CustomBuild Include="InputRepeater.hpp">
      <Filter>Header Files</Filter>
    </CustomBuild>
    <CustomBuild Include="InputRepeater.qrc">
      <Filter>Resource Files</Filter>
    </CustomBuild>
    <CustomBuild Include="InputRepeaterStatusBar.hpp">
      <Filter>Header Files</Filter>
    </CustomBuild>
    <CustomBuild Include="TransformationDialog.hpp">
      <Filter>Header Files</Filter>
    </CustomBuild>
    <CustomBuild Include="ReplayTabWidget.hpp">
      <Filter>Header Files</Filter>
    </CustomBuild>
    <CustomBuild Include="RecordTabWidget.hpp">
      <Filter>Header Files</Filter>
    </CustomBuild>
    <CustomBuild Include="OptionsDialog.hpp">
      <Filter>Header Files</Filter>
    </CustomBuild>
    <CustomBuild Include="InputRepeater.ui">
      <Filter>Form Files</Filter>
    </CustomBuild>
    <CustomBuild Include="OptionsDialog.ui">
      <Filter>Form Files</Filter>
    </CustomBuild>
    <CustomBuild Include="TransformationDialog.ui">
      <Filter>Form Files</Filter>
    </CustomBuild>
    <CustomBuild Include="ReplayTabWidget.ui">
      <Filter>Form Files</Filter>
    </CustomBuild>
    <CustomBuild Include="RecordTabWidget.ui">
      <Filter>Form Files</Filter>
    </CustomBuild>
    <CustomBuild Include="InputRepeaterApplication.hpp">
      <Filter>QHotkey\Header Files</Filter>
    </CustomBuild>
  </ItemGroup>
  <ItemGroup>
    <Filter Include="QHotkey">
      <UniqueIdentifier>{42128baa-d609-4a95-b5c4-89d0d39a7c95}</UniqueIdentifier>
    </Filter>
    <Filter Include="QHotkey\Source Files">
      <UniqueIdentifier>{95c16dd4-1da1-4463-b01a-17625accfa70}</UniqueIdentifier>
    </Filter>
    <Filter Include="QHotkey\Header Files">
      <UniqueIdentifier>{93995380-89BD-4b04-88EB-625FBE52EBFB}</UniqueIdentifier>
      <Extensions>h;hh;hpp;hxx;hm;inl;inc;xsd</Extensions>
      <ParseFiles>true</ParseFiles>
    </Filter>
    <Filter Include="Source FIles">
      <UniqueIdentifier>{4FC737F1-C7A5-4376-A066-2A32D752A2FF}</UniqueIdentifier>
      <Extensions>cpp;c;cc;cxx;def;odl;idl;hpj;bat;asm;asmx</Extensions>
      <ParseFiles>true</ParseFiles>
    </Filter>
    <Filter Include="Header Files">
      <UniqueIdentifier>{846c0bc3-e464-4deb-aff9-ea776f060ee7}</UniqueIdentifier>
    </Filter>
    <Filter Include="Resource Files">
      <UniqueIdentifier>{ce484e16-2e83-4577-b866-e568ed3c615e}</UniqueIdentifier>
    </Filter>
    <Filter Include="Form Files">
      <UniqueIdentifier>{54826299-417c-49a0-b2b4-cf4473431e61}</UniqueIdentifier>
    </Filter>
    <Filter Include="Generated Files">
      <UniqueIdentifier>{71ED8ED8-ACB9-4CE9-BBE1-E00B30144E11}</UniqueIdentifier>
      <Extensions>moc;h;cpp</Extensions>
      <ParseFiles>true</ParseFiles>
    </Filter>
    <Filter Include="Generated Files\Debug">
      <UniqueIdentifier>{1fd4709c-aa1c-413b-b429-00ed6845c77f}</UniqueIdentifier>
    </Filter>
    <Filter Include="Generated Files\Release">
      <UniqueIdentifier>{485963fd-01d2-474e-9dad-e1c31c19b9bc}</UniqueIdentifier>
    </Filter>
  </ItemGroup>
  <ItemGroup>
    <ResourceCompile Include="InputRepeater.rc">
      <Filter>Resource Files</Filter>
    </ResourceCompile>
  </ItemGroup>
  <ItemGroup>
    <Image Include="Resources\ProgramIcon.ico">
      <Filter>Resource Files</Filter>
    </Image>
  </ItemGroup>
</Project>